
Microsoft Visual Studio Solution File, Format Version 12.00
# Visual Studio Version 16
VisualStudioVersion = 16.0.31112.23
MinimumVisualStudioVersion = 10.0.40219.1
Project("{FAE04EC0-301F-11D3-BF4B-00C04F79EFBC}") = "go-head.client.api", "go-head.client.api\go-head.client.api.csproj", "{96E99772-CF5D-441F-86E2-22660FF4DFDC}"
EndProject
Global
	GlobalSection(SolutionConfigurationPlatforms) = preSolution
		Debug|Any CPU = Debug|Any CPU
		Release|Any CPU = Release|Any CPU
	EndGlobalSection
	GlobalSection(ProjectConfigurationPlatforms) = postSolution
		{96E99772-CF5D-441F-86E2-22660FF4DFDC}.Debug|Any CPU.ActiveCfg = Debug|Any CPU
		{96E99772-CF5D-441F-86E2-22660FF4DFDC}.Debug|Any CPU.Build.0 = Debug|Any CPU
		{96E99772-CF5D-441F-86E2-22660FF4DFDC}.Release|Any CPU.ActiveCfg = Release|Any CPU
		{96E99772-CF5D-441F-86E2-22660FF4DFDC}.Release|Any CPU.Build.0 = Release|Any CPU
	EndGlobalSection
	GlobalSection(SolutionProperties) = preSolution
		HideSolutionNode = FALSE
	EndGlobalSection
	GlobalSection(ExtensibilityGlobals) = postSolution
		SolutionGuid = {94E5F264-E69D-471A-9D5B-F080DD7E2BD2}
	EndGlobalSection
EndGlobal
